// !$*UTF8*$!
{
	archiveVersion = 1;
	classes = {
	};
	objectVersion = 56;
	objects = {

/* Begin PBXBuildFile section */
		53943B332AE6D94D00B41230 /* SplashView.swift in Sources */ = {isa = PBXBuildFile; fileRef = 53943B322AE6D94D00B41230 /* SplashView.swift */; };
		53943B372AEA8F3600B41230 /* NavigationUtil.swift in Sources */ = {isa = PBXBuildFile; fileRef = 53943B362AEA8F3600B41230 /* NavigationUtil.swift */; };
		53C049492ADFCA270083ED9D /* UserDetailsView.swift in Sources */ = {isa = PBXBuildFile; fileRef = 53C049482ADFCA270083ED9D /* UserDetailsView.swift */; };
		53C0494B2ADFD11E0083ED9D /* TagView.swift in Sources */ = {isa = PBXBuildFile; fileRef = 53C0494A2ADFD11E0083ED9D /* TagView.swift */; };
		53C0494D2ADFDB3D0083ED9D /* ImageGridView.swift in Sources */ = {isa = PBXBuildFile; fileRef = 53C0494C2ADFDB3D0083ED9D /* ImageGridView.swift */; };
		53C0494F2ADFEBDC0083ED9D /* AuthorPhotos.swift in Sources */ = {isa = PBXBuildFile; fileRef = 53C0494E2ADFEBDC0083ED9D /* AuthorPhotos.swift */; };
		53C049512AE15F990083ED9D /* PhotoElement.swift in Sources */ = {isa = PBXBuildFile; fileRef = 53C049502AE15F990083ED9D /* PhotoElement.swift */; };
		53C049532AE179DC0083ED9D /* PhotoList.swift in Sources */ = {isa = PBXBuildFile; fileRef = 53C049522AE179DC0083ED9D /* PhotoList.swift */; };
		53C049542AE284C90083ED9D /* Assets.xcassets in Resources */ = {isa = PBXBuildFile; fileRef = D51A15EE2AA7CC9500C4C7EE /* Assets.xcassets */; };
		D51A15EB2AA7CC9400C4C7EE /* flickrApp.swift in Sources */ = {isa = PBXBuildFile; fileRef = D51A15EA2AA7CC9400C4C7EE /* flickrApp.swift */; };
		D51A15F22AA7CC9500C4C7EE /* Preview Assets.xcassets in Resources */ = {isa = PBXBuildFile; fileRef = D51A15F12AA7CC9500C4C7EE /* Preview Assets.xcassets */; };
		D51A15FC2AA7CC9500C4C7EE /* flickrTests.swift in Sources */ = {isa = PBXBuildFile; fileRef = D51A15FB2AA7CC9500C4C7EE /* flickrTests.swift */; };
		D51A16062AA7CC9500C4C7EE /* flickrUITests.swift in Sources */ = {isa = PBXBuildFile; fileRef = D51A16052AA7CC9500C4C7EE /* flickrUITests.swift */; };
		D51A16082AA7CC9500C4C7EE /* flickrUITestsLaunchTests.swift in Sources */ = {isa = PBXBuildFile; fileRef = D51A16072AA7CC9500C4C7EE /* flickrUITestsLaunchTests.swift */; };
		D51A16152AA7CE6300C4C7EE /* PhotoListView.swift in Sources */ = {isa = PBXBuildFile; fileRef = D51A16142AA7CE6300C4C7EE /* PhotoListView.swift */; };
		D5630DDD2AAB16A100C9FCDE /* PhotoSearch.swift in Sources */ = {isa = PBXBuildFile; fileRef = D5630DDC2AAB16A100C9FCDE /* PhotoSearch.swift */; };
		D5630DDF2AAB176A00C9FCDE /* PhotosViewModel.swift in Sources */ = {isa = PBXBuildFile; fileRef = D5630DDE2AAB176A00C9FCDE /* PhotosViewModel.swift */; };
		D5630DE12AAB356D00C9FCDE /* PhotoView.swift in Sources */ = {isa = PBXBuildFile; fileRef = D5630DE02AAB356D00C9FCDE /* PhotoView.swift */; };
		D5630DE52AAC97FF00C9FCDE /* PhotoDetailView.swift in Sources */ = {isa = PBXBuildFile; fileRef = D5630DE42AAC97FF00C9FCDE /* PhotoDetailView.swift */; };
		D5630DE82AACAC9400C9FCDE /* FlickrService.swift in Sources */ = {isa = PBXBuildFile; fileRef = D5630DE72AACAC9400C9FCDE /* FlickrService.swift */; };
		D5630DEB2AACB47900C9FCDE /* APIError.swift in Sources */ = {isa = PBXBuildFile; fileRef = D5630DEA2AACB47900C9FCDE /* APIError.swift */; };
		D5630DED2AACBBB600C9FCDE /* UrlBuilder.swift in Sources */ = {isa = PBXBuildFile; fileRef = D5630DEC2AACBBB600C9FCDE /* UrlBuilder.swift */; };
		D5630DEF2AAE506B00C9FCDE /* ContentView.swift in Sources */ = {isa = PBXBuildFile; fileRef = D5630DEE2AAE506B00C9FCDE /* ContentView.swift */; };
		D5630DF42AAE5DB500C9FCDE /* UserDetails.swift in Sources */ = {isa = PBXBuildFile; fileRef = D5630DF32AAE5DB500C9FCDE /* UserDetails.swift */; };
		D5630DFB2AAF3F8000C9FCDE /* ImageDetails.swift in Sources */ = {isa = PBXBuildFile; fileRef = D5630DFA2AAF3F8000C9FCDE /* ImageDetails.swift */; };
		D5630E012AB0604300C9FCDE /* MockFlickrService.swift in Sources */ = {isa = PBXBuildFile; fileRef = D5630E002AB0604300C9FCDE /* MockFlickrService.swift */; };
/* End PBXBuildFile section */

/* Begin PBXContainerItemProxy section */
		D51A15F82AA7CC9500C4C7EE /* PBXContainerItemProxy */ = {
			isa = PBXContainerItemProxy;
			containerPortal = D51A15DF2AA7CC9400C4C7EE /* Project object */;
			proxyType = 1;
			remoteGlobalIDString = D51A15E62AA7CC9400C4C7EE;
			remoteInfo = flickr;
		};
		D51A16022AA7CC9500C4C7EE /* PBXContainerItemProxy */ = {
			isa = PBXContainerItemProxy;
			containerPortal = D51A15DF2AA7CC9400C4C7EE /* Project object */;
			proxyType = 1;
			remoteGlobalIDString = D51A15E62AA7CC9400C4C7EE;
			remoteInfo = flickr;
		};
/* End PBXContainerItemProxy section */

/* Begin PBXFileReference section */
		53943B322AE6D94D00B41230 /* SplashView.swift */ = {isa = PBXFileReference; lastKnownFileType = sourcecode.swift; path = SplashView.swift; sourceTree = "<group>"; };
		53943B362AEA8F3600B41230 /* NavigationUtil.swift */ = {isa = PBXFileReference; lastKnownFileType = sourcecode.swift; path = NavigationUtil.swift; sourceTree = "<group>"; };
		53C049482ADFCA270083ED9D /* UserDetailsView.swift */ = {isa = PBXFileReference; lastKnownFileType = sourcecode.swift; path = UserDetailsView.swift; sourceTree = "<group>"; };
		53C0494A2ADFD11E0083ED9D /* TagView.swift */ = {isa = PBXFileReference; lastKnownFileType = sourcecode.swift; path = TagView.swift; sourceTree = "<group>"; };
		53C0494C2ADFDB3D0083ED9D /* ImageGridView.swift */ = {isa = PBXFileReference; lastKnownFileType = sourcecode.swift; path = ImageGridView.swift; sourceTree = "<group>"; };
		53C0494E2ADFEBDC0083ED9D /* AuthorPhotos.swift */ = {isa = PBXFileReference; lastKnownFileType = sourcecode.swift; path = AuthorPhotos.swift; sourceTree = "<group>"; };
		53C049502AE15F990083ED9D /* PhotoElement.swift */ = {isa = PBXFileReference; lastKnownFileType = sourcecode.swift; path = PhotoElement.swift; sourceTree = "<group>"; };
		53C049522AE179DC0083ED9D /* PhotoList.swift */ = {isa = PBXFileReference; lastKnownFileType = sourcecode.swift; path = PhotoList.swift; sourceTree = "<group>"; };
		D51A15E72AA7CC9400C4C7EE /* flickr.app */ = {isa = PBXFileReference; explicitFileType = wrapper.application; includeInIndex = 0; path = flickr.app; sourceTree = BUILT_PRODUCTS_DIR; };
		D51A15EA2AA7CC9400C4C7EE /* flickrApp.swift */ = {isa = PBXFileReference; lastKnownFileType = sourcecode.swift; path = flickrApp.swift; sourceTree = "<group>"; };
		D51A15EE2AA7CC9500C4C7EE /* Assets.xcassets */ = {isa = PBXFileReference; lastKnownFileType = folder.assetcatalog; path = Assets.xcassets; sourceTree = "<group>"; };
		D51A15F12AA7CC9500C4C7EE /* Preview Assets.xcassets */ = {isa = PBXFileReference; lastKnownFileType = folder.assetcatalog; path = "Preview Assets.xcassets"; sourceTree = "<group>"; };
		D51A15F72AA7CC9500C4C7EE /* flickrTests.xctest */ = {isa = PBXFileReference; explicitFileType = wrapper.cfbundle; includeInIndex = 0; path = flickrTests.xctest; sourceTree = BUILT_PRODUCTS_DIR; };
		D51A15FB2AA7CC9500C4C7EE /* flickrTests.swift */ = {isa = PBXFileReference; lastKnownFileType = sourcecode.swift; path = flickrTests.swift; sourceTree = "<group>"; };
		D51A16012AA7CC9500C4C7EE /* flickrUITests.xctest */ = {isa = PBXFileReference; explicitFileType = wrapper.cfbundle; includeInIndex = 0; path = flickrUITests.xctest; sourceTree = BUILT_PRODUCTS_DIR; };
		D51A16052AA7CC9500C4C7EE /* flickrUITests.swift */ = {isa = PBXFileReference; lastKnownFileType = sourcecode.swift; path = flickrUITests.swift; sourceTree = "<group>"; };
		D51A16072AA7CC9500C4C7EE /* flickrUITestsLaunchTests.swift */ = {isa = PBXFileReference; lastKnownFileType = sourcecode.swift; path = flickrUITestsLaunchTests.swift; sourceTree = "<group>"; };
		D51A16142AA7CE6300C4C7EE /* PhotoListView.swift */ = {isa = PBXFileReference; lastKnownFileType = sourcecode.swift; path = PhotoListView.swift; sourceTree = "<group>"; };
		D5630DDC2AAB16A100C9FCDE /* PhotoSearch.swift */ = {isa = PBXFileReference; lastKnownFileType = sourcecode.swift; path = PhotoSearch.swift; sourceTree = "<group>"; };
		D5630DDE2AAB176A00C9FCDE /* PhotosViewModel.swift */ = {isa = PBXFileReference; lastKnownFileType = sourcecode.swift; path = PhotosViewModel.swift; sourceTree = "<group>"; };
		D5630DE02AAB356D00C9FCDE /* PhotoView.swift */ = {isa = PBXFileReference; lastKnownFileType = sourcecode.swift; path = PhotoView.swift; sourceTree = "<group>"; };
		D5630DE42AAC97FF00C9FCDE /* PhotoDetailView.swift */ = {isa = PBXFileReference; lastKnownFileType = sourcecode.swift; path = PhotoDetailView.swift; sourceTree = "<group>"; };
		D5630DE72AACAC9400C9FCDE /* FlickrService.swift */ = {isa = PBXFileReference; lastKnownFileType = sourcecode.swift; path = FlickrService.swift; sourceTree = "<group>"; };
		D5630DEA2AACB47900C9FCDE /* APIError.swift */ = {isa = PBXFileReference; lastKnownFileType = sourcecode.swift; path = APIError.swift; sourceTree = "<group>"; };
		D5630DEC2AACBBB600C9FCDE /* UrlBuilder.swift */ = {isa = PBXFileReference; lastKnownFileType = sourcecode.swift; path = UrlBuilder.swift; sourceTree = "<group>"; };
		D5630DEE2AAE506B00C9FCDE /* ContentView.swift */ = {isa = PBXFileReference; lastKnownFileType = sourcecode.swift; path = ContentView.swift; sourceTree = "<group>"; };
		D5630DF32AAE5DB500C9FCDE /* UserDetails.swift */ = {isa = PBXFileReference; lastKnownFileType = sourcecode.swift; path = UserDetails.swift; sourceTree = "<group>"; };
		D5630DFA2AAF3F8000C9FCDE /* ImageDetails.swift */ = {isa = PBXFileReference; lastKnownFileType = sourcecode.swift; path = ImageDetails.swift; sourceTree = "<group>"; };
		D5630E002AB0604300C9FCDE /* MockFlickrService.swift */ = {isa = PBXFileReference; lastKnownFileType = sourcecode.swift; path = MockFlickrService.swift; sourceTree = "<group>"; };
/* End PBXFileReference section */

/* Begin PBXFrameworksBuildPhase section */
		D51A15E42AA7CC9400C4C7EE /* Frameworks */ = {
			isa = PBXFrameworksBuildPhase;
			buildActionMask = 2147483647;
			files = (
			);
			runOnlyForDeploymentPostprocessing = 0;
		};
		D51A15F42AA7CC9500C4C7EE /* Frameworks */ = {
			isa = PBXFrameworksBuildPhase;
			buildActionMask = 2147483647;
			files = (
			);
			runOnlyForDeploymentPostprocessing = 0;
		};
		D51A15FE2AA7CC9500C4C7EE /* Frameworks */ = {
			isa = PBXFrameworksBuildPhase;
			buildActionMask = 2147483647;
			files = (
			);
			runOnlyForDeploymentPostprocessing = 0;
		};
/* End PBXFrameworksBuildPhase section */

/* Begin PBXGroup section */
		D51A15DE2AA7CC9400C4C7EE = {
			isa = PBXGroup;
			children = (
				D51A15E92AA7CC9400C4C7EE /* flickr */,
				D51A15F02AA7CC9500C4C7EE /* Preview Content */,
				D51A15FA2AA7CC9500C4C7EE /* flickrTests */,
				D51A16042AA7CC9500C4C7EE /* flickrUITests */,
				D51A15E82AA7CC9400C4C7EE /* Products */,
			);
			sourceTree = "<group>";
		};
		D51A15E82AA7CC9400C4C7EE /* Products */ = {
			isa = PBXGroup;
			children = (
				D51A15E72AA7CC9400C4C7EE /* flickr.app */,
				D51A15F72AA7CC9500C4C7EE /* flickrTests.xctest */,
				D51A16012AA7CC9500C4C7EE /* flickrUITests.xctest */,
			);
			name = Products;
			sourceTree = "<group>";
		};
		D51A15E92AA7CC9400C4C7EE /* flickr */ = {
			isa = PBXGroup;
			children = (
				D51A15EE2AA7CC9500C4C7EE /* Assets.xcassets */,
				D5630DF02AAE50A100C9FCDE /* FlickrApp */,
				D51A161A2AA89B0800C4C7EE /* Models */,
				D5630DE92AACB46200C9FCDE /* Networking */,
				D5630DE62AACAC3D00C9FCDE /* Views */,
			);
			path = flickr;
			sourceTree = "<group>";
		};
		D51A15F02AA7CC9500C4C7EE /* Preview Content */ = {
			isa = PBXGroup;
			children = (
				D51A15F12AA7CC9500C4C7EE /* Preview Assets.xcassets */,
			);
			path = "Preview Content";
			sourceTree = "<group>";
		};
		D51A15FA2AA7CC9500C4C7EE /* flickrTests */ = {
			isa = PBXGroup;
			children = (
				D51A15FB2AA7CC9500C4C7EE /* flickrTests.swift */,
			);
			path = flickrTests;
			sourceTree = "<group>";
		};
		D51A16042AA7CC9500C4C7EE /* flickrUITests */ = {
			isa = PBXGroup;
			children = (
				D51A16052AA7CC9500C4C7EE /* flickrUITests.swift */,
				D51A16072AA7CC9500C4C7EE /* flickrUITestsLaunchTests.swift */,
			);
			path = flickrUITests;
			sourceTree = "<group>";
		};
		D51A161A2AA89B0800C4C7EE /* Models */ = {
			isa = PBXGroup;
			children = (
				D5630DDC2AAB16A100C9FCDE /* PhotoSearch.swift */,
				D5630DF32AAE5DB500C9FCDE /* UserDetails.swift */,
				D5630DFA2AAF3F8000C9FCDE /* ImageDetails.swift */,
				53C0494E2ADFEBDC0083ED9D /* AuthorPhotos.swift */,
				53C049502AE15F990083ED9D /* PhotoElement.swift */,
				53C049522AE179DC0083ED9D /* PhotoList.swift */,
			);
			path = Models;
			sourceTree = "<group>";
		};
		D5630DE62AACAC3D00C9FCDE /* Views */ = {
			isa = PBXGroup;
			children = (
				D5630DE42AAC97FF00C9FCDE /* PhotoDetailView.swift */,
				D51A16142AA7CE6300C4C7EE /* PhotoListView.swift */,
				D5630DE02AAB356D00C9FCDE /* PhotoView.swift */,
				53C0494A2ADFD11E0083ED9D /* TagView.swift */,
				53C049482ADFCA270083ED9D /* UserDetailsView.swift */,
				53C0494C2ADFDB3D0083ED9D /* ImageGridView.swift */,
				53943B322AE6D94D00B41230 /* SplashView.swift */,
			);
			path = Views;
			sourceTree = "<group>";
		};
		D5630DE92AACB46200C9FCDE /* Networking */ = {
			isa = PBXGroup;
			children = (
				D5630DDE2AAB176A00C9FCDE /* PhotosViewModel.swift */,
				D5630DE72AACAC9400C9FCDE /* FlickrService.swift */,
				D5630DEA2AACB47900C9FCDE /* APIError.swift */,
				D5630DEC2AACBBB600C9FCDE /* UrlBuilder.swift */,
				D5630E002AB0604300C9FCDE /* MockFlickrService.swift */,
			);
			path = Networking;
			sourceTree = "<group>";
		};
		D5630DF02AAE50A100C9FCDE /* FlickrApp */ = {
			isa = PBXGroup;
			children = (
				D51A15EA2AA7CC9400C4C7EE /* flickrApp.swift */,
				D5630DEE2AAE506B00C9FCDE /* ContentView.swift */,
				53943B362AEA8F3600B41230 /* NavigationUtil.swift */,
			);
			path = FlickrApp;
			sourceTree = "<group>";
		};
/* End PBXGroup section */

/* Begin PBXNativeTarget section */
		D51A15E62AA7CC9400C4C7EE /* flickr */ = {
			isa = PBXNativeTarget;
			buildConfigurationList = D51A160B2AA7CC9500C4C7EE /* Build configuration list for PBXNativeTarget "flickr" */;
			buildPhases = (
				D51A15E32AA7CC9400C4C7EE /* Sources */,
				D51A15E42AA7CC9400C4C7EE /* Frameworks */,
				D51A15E52AA7CC9400C4C7EE /* Resources */,
			);
			buildRules = (
			);
			dependencies = (
			);
			name = flickr;
			productName = flickr;
			productReference = D51A15E72AA7CC9400C4C7EE /* flickr.app */;
			productType = "com.apple.product-type.application";
		};
		D51A15F62AA7CC9500C4C7EE /* flickrTests */ = {
			isa = PBXNativeTarget;
			buildConfigurationList = D51A160E2AA7CC9500C4C7EE /* Build configuration list for PBXNativeTarget "flickrTests" */;
			buildPhases = (
				D51A15F32AA7CC9500C4C7EE /* Sources */,
				D51A15F42AA7CC9500C4C7EE /* Frameworks */,
				D51A15F52AA7CC9500C4C7EE /* Resources */,
			);
			buildRules = (
			);
			dependencies = (
				D51A15F92AA7CC9500C4C7EE /* PBXTargetDependency */,
			);
			name = flickrTests;
			productName = flickrTests;
			productReference = D51A15F72AA7CC9500C4C7EE /* flickrTests.xctest */;
			productType = "com.apple.product-type.bundle.unit-test";
		};
		D51A16002AA7CC9500C4C7EE /* flickrUITests */ = {
			isa = PBXNativeTarget;
			buildConfigurationList = D51A16112AA7CC9500C4C7EE /* Build configuration list for PBXNativeTarget "flickrUITests" */;
			buildPhases = (
				D51A15FD2AA7CC9500C4C7EE /* Sources */,
				D51A15FE2AA7CC9500C4C7EE /* Frameworks */,
				D51A15FF2AA7CC9500C4C7EE /* Resources */,
			);
			buildRules = (
			);
			dependencies = (
				D51A16032AA7CC9500C4C7EE /* PBXTargetDependency */,
			);
			name = flickrUITests;
			productName = flickrUITests;
			productReference = D51A16012AA7CC9500C4C7EE /* flickrUITests.xctest */;
			productType = "com.apple.product-type.bundle.ui-testing";
		};
/* End PBXNativeTarget section */

/* Begin PBXProject section */
		D51A15DF2AA7CC9400C4C7EE /* Project object */ = {
			isa = PBXProject;
			attributes = {
				BuildIndependentTargetsInParallel = 1;
				LastSwiftUpdateCheck = 1430;
				LastUpgradeCheck = 1430;
				TargetAttributes = {
					D51A15E62AA7CC9400C4C7EE = {
						CreatedOnToolsVersion = 14.3.1;
					};
					D51A15F62AA7CC9500C4C7EE = {
						CreatedOnToolsVersion = 14.3.1;
						TestTargetID = D51A15E62AA7CC9400C4C7EE;
					};
					D51A16002AA7CC9500C4C7EE = {
						CreatedOnToolsVersion = 14.3.1;
						TestTargetID = D51A15E62AA7CC9400C4C7EE;
					};
				};
			};
			buildConfigurationList = D51A15E22AA7CC9400C4C7EE /* Build configuration list for PBXProject "flickr" */;
			compatibilityVersion = "Xcode 14.0";
			developmentRegion = en;
			hasScannedForEncodings = 0;
			knownRegions = (
				en,
				Base,
			);
			mainGroup = D51A15DE2AA7CC9400C4C7EE;
			productRefGroup = D51A15E82AA7CC9400C4C7EE /* Products */;
			projectDirPath = "";
			projectRoot = "";
			targets = (
				D51A15E62AA7CC9400C4C7EE /* flickr */,
				D51A15F62AA7CC9500C4C7EE /* flickrTests */,
				D51A16002AA7CC9500C4C7EE /* flickrUITests */,
			);
		};
/* End PBXProject section */

/* Begin PBXResourcesBuildPhase section */
		D51A15E52AA7CC9400C4C7EE /* Resources */ = {
			isa = PBXResourcesBuildPhase;
			buildActionMask = 2147483647;
			files = (
				53C049542AE284C90083ED9D /* Assets.xcassets in Resources */,
				D51A15F22AA7CC9500C4C7EE /* Preview Assets.xcassets in Resources */,
			);
			runOnlyForDeploymentPostprocessing = 0;
		};
		D51A15F52AA7CC9500C4C7EE /* Resources */ = {
			isa = PBXResourcesBuildPhase;
			buildActionMask = 2147483647;
			files = (
			);
			runOnlyForDeploymentPostprocessing = 0;
		};
		D51A15FF2AA7CC9500C4C7EE /* Resources */ = {
			isa = PBXResourcesBuildPhase;
			buildActionMask = 2147483647;
			files = (
			);
			runOnlyForDeploymentPostprocessing = 0;
		};
/* End PBXResourcesBuildPhase section */

/* Begin PBXSourcesBuildPhase section */
		D51A15E32AA7CC9400C4C7EE /* Sources */ = {
			isa = PBXSourcesBuildPhase;
			buildActionMask = 2147483647;
			files = (
				53C049492ADFCA270083ED9D /* UserDetailsView.swift in Sources */,
				D5630DE52AAC97FF00C9FCDE /* PhotoDetailView.swift in Sources */,
				53C0494D2ADFDB3D0083ED9D /* ImageGridView.swift in Sources */,
				D5630DDD2AAB16A100C9FCDE /* PhotoSearch.swift in Sources */,
				D5630DEF2AAE506B00C9FCDE /* ContentView.swift in Sources */,
				D5630DE82AACAC9400C9FCDE /* FlickrService.swift in Sources */,
				D5630E012AB0604300C9FCDE /* MockFlickrService.swift in Sources */,
				D5630DEB2AACB47900C9FCDE /* APIError.swift in Sources */,
				53943B372AEA8F3600B41230 /* NavigationUtil.swift in Sources */,
				D5630DED2AACBBB600C9FCDE /* UrlBuilder.swift in Sources */,
				53C049532AE179DC0083ED9D /* PhotoList.swift in Sources */,
				D5630DF42AAE5DB500C9FCDE /* UserDetails.swift in Sources */,
				53C0494F2ADFEBDC0083ED9D /* AuthorPhotos.swift in Sources */,
				D5630DFB2AAF3F8000C9FCDE /* ImageDetails.swift in Sources */,
				D5630DE12AAB356D00C9FCDE /* PhotoView.swift in Sources */,
				53C0494B2ADFD11E0083ED9D /* TagView.swift in Sources */,
				D51A15EB2AA7CC9400C4C7EE /* flickrApp.swift in Sources */,
				53C049512AE15F990083ED9D /* PhotoElement.swift in Sources */,
				D5630DDF2AAB176A00C9FCDE /* PhotosViewModel.swift in Sources */,
				D51A16152AA7CE6300C4C7EE /* PhotoListView.swift in Sources */,
				53943B332AE6D94D00B41230 /* SplashView.swift in Sources */,
			);
			runOnlyForDeploymentPostprocessing = 0;
		};
		D51A15F32AA7CC9500C4C7EE /* Sources */ = {
			isa = PBXSourcesBuildPhase;
			buildActionMask = 2147483647;
			files = (
				D51A15FC2AA7CC9500C4C7EE /* flickrTests.swift in Sources */,
			);
			runOnlyForDeploymentPostprocessing = 0;
		};
		D51A15FD2AA7CC9500C4C7EE /* Sources */ = {
			isa = PBXSourcesBuildPhase;
			buildActionMask = 2147483647;
			files = (
				D51A16062AA7CC9500C4C7EE /* flickrUITests.swift in Sources */,
				D51A16082AA7CC9500C4C7EE /* flickrUITestsLaunchTests.swift in Sources */,
			);
			runOnlyForDeploymentPostprocessing = 0;
		};
/* End PBXSourcesBuildPhase section */

/* Begin PBXTargetDependency section */
		D51A15F92AA7CC9500C4C7EE /* PBXTargetDependency */ = {
			isa = PBXTargetDependency;
			target = D51A15E62AA7CC9400C4C7EE /* flickr */;
			targetProxy = D51A15F82AA7CC9500C4C7EE /* PBXContainerItemProxy */;
		};
		D51A16032AA7CC9500C4C7EE /* PBXTargetDependency */ = {
			isa = PBXTargetDependency;
			target = D51A15E62AA7CC9400C4C7EE /* flickr */;
			targetProxy = D51A16022AA7CC9500C4C7EE /* PBXContainerItemProxy */;
		};
/* End PBXTargetDependency section */

/* Begin XCBuildConfiguration section */
		D51A16092AA7CC9500C4C7EE /* Debug */ = {
			isa = XCBuildConfiguration;
			buildSettings = {
				ALWAYS_SEARCH_USER_PATHS = NO;
				CLANG_ANALYZER_NONNULL = YES;
				CLANG_ANALYZER_NUMBER_OBJECT_CONVERSION = YES_AGGRESSIVE;
				CLANG_CXX_LANGUAGE_STANDARD = "gnu++20";
				CLANG_ENABLE_MODULES = YES;
				CLANG_ENABLE_OBJC_ARC = YES;
				CLANG_ENABLE_OBJC_WEAK = YES;
				CLANG_WARN_BLOCK_CAPTURE_AUTORELEASING = YES;
				CLANG_WARN_BOOL_CONVERSION = YES;
				CLANG_WARN_COMMA = YES;
				CLANG_WARN_CONSTANT_CONVERSION = YES;
				CLANG_WARN_DEPRECATED_OBJC_IMPLEMENTATIONS = YES;
				CLANG_WARN_DIRECT_OBJC_ISA_USAGE = YES_ERROR;
				CLANG_WARN_DOCUMENTATION_COMMENTS = YES;
				CLANG_WARN_EMPTY_BODY = YES;
				CLANG_WARN_ENUM_CONVERSION = YES;
				CLANG_WARN_INFINITE_RECURSION = YES;
				CLANG_WARN_INT_CONVERSION = YES;
				CLANG_WARN_NON_LITERAL_NULL_CONVERSION = YES;
				CLANG_WARN_OBJC_IMPLICIT_RETAIN_SELF = YES;
				CLANG_WARN_OBJC_LITERAL_CONVERSION = YES;
				CLANG_WARN_OBJC_ROOT_CLASS = YES_ERROR;
				CLANG_WARN_QUOTED_INCLUDE_IN_FRAMEWORK_HEADER = YES;
				CLANG_WARN_RANGE_LOOP_ANALYSIS = YES;
				CLANG_WARN_STRICT_PROTOTYPES = YES;
				CLANG_WARN_SUSPICIOUS_MOVE = YES;
				CLANG_WARN_UNGUARDED_AVAILABILITY = YES_AGGRESSIVE;
				CLANG_WARN_UNREACHABLE_CODE = YES;
				CLANG_WARN__DUPLICATE_METHOD_MATCH = YES;
				COPY_PHASE_STRIP = NO;
				DEBUG_INFORMATION_FORMAT = dwarf;
				ENABLE_STRICT_OBJC_MSGSEND = YES;
				ENABLE_TESTABILITY = YES;
				GCC_C_LANGUAGE_STANDARD = gnu11;
				GCC_DYNAMIC_NO_PIC = NO;
				GCC_NO_COMMON_BLOCKS = YES;
				GCC_OPTIMIZATION_LEVEL = 0;
				GCC_PREPROCESSOR_DEFINITIONS = (
					"DEBUG=1",
					"$(inherited)",
				);
				GCC_WARN_64_TO_32_BIT_CONVERSION = YES;
				GCC_WARN_ABOUT_RETURN_TYPE = YES_ERROR;
				GCC_WARN_UNDECLARED_SELECTOR = YES;
				GCC_WARN_UNINITIALIZED_AUTOS = YES_AGGRESSIVE;
				GCC_WARN_UNUSED_FUNCTION = YES;
				GCC_WARN_UNUSED_VARIABLE = YES;
				IPHONEOS_DEPLOYMENT_TARGET = 16.4;
				MTL_ENABLE_DEBUG_INFO = INCLUDE_SOURCE;
				MTL_FAST_MATH = YES;
				ONLY_ACTIVE_ARCH = YES;
				SDKROOT = iphoneos;
				SWIFT_ACTIVE_COMPILATION_CONDITIONS = DEBUG;
				SWIFT_OPTIMIZATION_LEVEL = "-Onone";
			};
			name = Debug;
		};
		D51A160A2AA7CC9500C4C7EE /* Release */ = {
			isa = XCBuildConfiguration;
			buildSettings = {
				ALWAYS_SEARCH_USER_PATHS = NO;
				CLANG_ANALYZER_NONNULL = YES;
				CLANG_ANALYZER_NUMBER_OBJECT_CONVERSION = YES_AGGRESSIVE;
				CLANG_CXX_LANGUAGE_STANDARD = "gnu++20";
				CLANG_ENABLE_MODULES = YES;
				CLANG_ENABLE_OBJC_ARC = YES;
				CLANG_ENABLE_OBJC_WEAK = YES;
				CLANG_WARN_BLOCK_CAPTURE_AUTORELEASING = YES;
				CLANG_WARN_BOOL_CONVERSION = YES;
				CLANG_WARN_COMMA = YES;
				CLANG_WARN_CONSTANT_CONVERSION = YES;
				CLANG_WARN_DEPRECATED_OBJC_IMPLEMENTATIONS = YES;
				CLANG_WARN_DIRECT_OBJC_ISA_USAGE = YES_ERROR;
				CLANG_WARN_DOCUMENTATION_COMMENTS = YES;
				CLANG_WARN_EMPTY_BODY = YES;
				CLANG_WARN_ENUM_CONVERSION = YES;
				CLANG_WARN_INFINITE_RECURSION = YES;
				CLANG_WARN_INT_CONVERSION = YES;
				CLANG_WARN_NON_LITERAL_NULL_CONVERSION = YES;
				CLANG_WARN_OBJC_IMPLICIT_RETAIN_SELF = YES;
				CLANG_WARN_OBJC_LITERAL_CONVERSION = YES;
				CLANG_WARN_OBJC_ROOT_CLASS = YES_ERROR;
				CLANG_WARN_QUOTED_INCLUDE_IN_FRAMEWORK_HEADER = YES;
				CLANG_WARN_RANGE_LOOP_ANALYSIS = YES;
				CLANG_WARN_STRICT_PROTOTYPES = YES;
				CLANG_WARN_SUSPICIOUS_MOVE = YES;
				CLANG_WARN_UNGUARDED_AVAILABILITY = YES_AGGRESSIVE;
				CLANG_WARN_UNREACHABLE_CODE = YES;
				CLANG_WARN__DUPLICATE_METHOD_MATCH = YES;
				COPY_PHASE_STRIP = NO;
				DEBUG_INFORMATION_FORMAT = "dwarf-with-dsym";
				ENABLE_NS_ASSERTIONS = NO;
				ENABLE_STRICT_OBJC_MSGSEND = YES;
				GCC_C_LANGUAGE_STANDARD = gnu11;
				GCC_NO_COMMON_BLOCKS = YES;
				GCC_WARN_64_TO_32_BIT_CONVERSION = YES;
				GCC_WARN_ABOUT_RETURN_TYPE = YES_ERROR;
				GCC_WARN_UNDECLARED_SELECTOR = YES;
				GCC_WARN_UNINITIALIZED_AUTOS = YES_AGGRESSIVE;
				GCC_WARN_UNUSED_FUNCTION = YES;
				GCC_WARN_UNUSED_VARIABLE = YES;
				IPHONEOS_DEPLOYMENT_TARGET = 16.4;
				MTL_ENABLE_DEBUG_INFO = NO;
				MTL_FAST_MATH = YES;
				SDKROOT = iphoneos;
				SWIFT_COMPILATION_MODE = wholemodule;
				SWIFT_OPTIMIZATION_LEVEL = "-O";
				VALIDATE_PRODUCT = YES;
			};
			name = Release;
		};
		D51A160C2AA7CC9500C4C7EE /* Debug */ = {
			isa = XCBuildConfiguration;
			buildSettings = {
				ASSETCATALOG_COMPILER_APPICON_NAME = AppIcon;
				ASSETCATALOG_COMPILER_GLOBAL_ACCENT_COLOR_NAME = AccentColor;
				CODE_SIGN_STYLE = Automatic;
				CURRENT_PROJECT_VERSION = 1;
				DEVELOPMENT_ASSET_PATHS = "\"flickr/Preview Content\"";
				DEVELOPMENT_TEAM = 53VTMD4989;
				ENABLE_PREVIEWS = YES;
				GENERATE_INFOPLIST_FILE = YES;
				INFOPLIST_KEY_UIApplicationSceneManifest_Generation = YES;
				INFOPLIST_KEY_UIApplicationSupportsIndirectInputEvents = YES;
				INFOPLIST_KEY_UILaunchScreen_Generation = YES;
				INFOPLIST_KEY_UISupportedInterfaceOrientations_iPad = "UIInterfaceOrientationPortrait UIInterfaceOrientationPortraitUpsideDown UIInterfaceOrientationLandscapeLeft UIInterfaceOrientationLandscapeRight";
				INFOPLIST_KEY_UISupportedInterfaceOrientations_iPhone = "UIInterfaceOrientationPortrait UIInterfaceOrientationLandscapeLeft UIInterfaceOrientationLandscapeRight";
				LD_RUNPATH_SEARCH_PATHS = (
					"$(inherited)",
					"@executable_path/Frameworks",
				);
				MARKETING_VERSION = 1.0;
				PRODUCT_BUNDLE_IDENTIFIER = jasmine.flickr;
				PRODUCT_NAME = "$(TARGET_NAME)";
				SWIFT_EMIT_LOC_STRINGS = YES;
				SWIFT_VERSION = 5.0;
				TARGETED_DEVICE_FAMILY = "1,2";
			};
			name = Debug;
		};
		D51A160D2AA7CC9500C4C7EE /* Release */ = {
			isa = XCBuildConfiguration;
			buildSettings = {
				ASSETCATALOG_COMPILER_APPICON_NAME = AppIcon;
				ASSETCATALOG_COMPILER_GLOBAL_ACCENT_COLOR_NAME = AccentColor;
				CODE_SIGN_STYLE = Automatic;
				CURRENT_PROJECT_VERSION = 1;
				DEVELOPMENT_ASSET_PATHS = "\"flickr/Preview Content\"";
				DEVELOPMENT_TEAM = 53VTMD4989;
				ENABLE_PREVIEWS = YES;
				GENERATE_INFOPLIST_FILE = YES;
				INFOPLIST_KEY_UIApplicationSceneManifest_Generation = YES;
				INFOPLIST_KEY_UIApplicationSupportsIndirectInputEvents = YES;
				INFOPLIST_KEY_UILaunchScreen_Generation = YES;
				INFOPLIST_KEY_UISupportedInterfaceOrientations_iPad = "UIInterfaceOrientationPortrait UIInterfaceOrientationPortraitUpsideDown UIInterfaceOrientationLandscapeLeft UIInterfaceOrientationLandscapeRight";
				INFOPLIST_KEY_UISupportedInterfaceOrientations_iPhone = "UIInterfaceOrientationPortrait UIInterfaceOrientationLandscapeLeft UIInterfaceOrientationLandscapeRight";
				LD_RUNPATH_SEARCH_PATHS = (
					"$(inherited)",
					"@executable_path/Frameworks",
				);
				MARKETING_VERSION = 1.0;
				PRODUCT_BUNDLE_IDENTIFIER = jasmine.flickr;
				PRODUCT_NAME = "$(TARGET_NAME)";
				SWIFT_EMIT_LOC_STRINGS = YES;
				SWIFT_VERSION = 5.0;
				TARGETED_DEVICE_FAMILY = "1,2";
			};
			name = Release;
		};
		D51A160F2AA7CC9500C4C7EE /* Debug */ = {
			isa = XCBuildConfiguration;
			buildSettings = {
				ALWAYS_EMBED_SWIFT_STANDARD_LIBRARIES = YES;
				BUNDLE_LOADER = "$(TEST_HOST)";
				CODE_SIGN_STYLE = Automatic;
				CURRENT_PROJECT_VERSION = 1;
				DEVELOPMENT_TEAM = 53VTMD4989;
				GENERATE_INFOPLIST_FILE = YES;
				IPHONEOS_DEPLOYMENT_TARGET = 16.4;
				MARKETING_VERSION = 1.0;
				PRODUCT_BUNDLE_IDENTIFIER = jasmine.flickrTests;
				PRODUCT_NAME = "$(TARGET_NAME)";
				SWIFT_EMIT_LOC_STRINGS = NO;
				SWIFT_VERSION = 5.0;
				TARGETED_DEVICE_FAMILY = "1,2";
				TEST_HOST = "$(BUILT_PRODUCTS_DIR)/flickr.app/$(BUNDLE_EXECUTABLE_FOLDER_PATH)/flickr";
			};
			name = Debug;
		};
		D51A16102AA7CC9500C4C7EE /* Release */ = {
			isa = XCBuildConfiguration;
			buildSettings = {
				ALWAYS_EMBED_SWIFT_STANDARD_LIBRARIES = YES;
				BUNDLE_LOADER = "$(TEST_HOST)";
				CODE_SIGN_STYLE = Automatic;
				CURRENT_PROJECT_VERSION = 1;
				DEVELOPMENT_TEAM = 53VTMD4989;
				GENERATE_INFOPLIST_FILE = YES;
				IPHONEOS_DEPLOYMENT_TARGET = 16.4;
				MARKETING_VERSION = 1.0;
				PRODUCT_BUNDLE_IDENTIFIER = jasmine.flickrTests;
				PRODUCT_NAME = "$(TARGET_NAME)";
				SWIFT_EMIT_LOC_STRINGS = NO;
				SWIFT_VERSION = 5.0;
				TARGETED_DEVICE_FAMILY = "1,2";
				TEST_HOST = "$(BUILT_PRODUCTS_DIR)/flickr.app/$(BUNDLE_EXECUTABLE_FOLDER_PATH)/flickr";
			};
			name = Release;
		};
		D51A16122AA7CC9500C4C7EE /* Debug */ = {
			isa = XCBuildConfiguration;
			buildSettings = {
				ALWAYS_EMBED_SWIFT_STANDARD_LIBRARIES = YES;
				CODE_SIGN_STYLE = Automatic;
				CURRENT_PROJECT_VERSION = 1;
				DEVELOPMENT_TEAM = 53VTMD4989;
				GENERATE_INFOPLIST_FILE = YES;
				MARKETING_VERSION = 1.0;
				PRODUCT_BUNDLE_IDENTIFIER = jasmine.flickrUITests;
				PRODUCT_NAME = "$(TARGET_NAME)";
				SWIFT_EMIT_LOC_STRINGS = NO;
				SWIFT_VERSION = 5.0;
				TARGETED_DEVICE_FAMILY = "1,2";
				TEST_TARGET_NAME = flickr;
			};
			name = Debug;
		};
		D51A16132AA7CC9500C4C7EE /* Release */ = {
			isa = XCBuildConfiguration;
			buildSettings = {
				ALWAYS_EMBED_SWIFT_STANDARD_LIBRARIES = YES;
				CODE_SIGN_STYLE = Automatic;
				CURRENT_PROJECT_VERSION = 1;
				DEVELOPMENT_TEAM = 53VTMD4989;
				GENERATE_INFOPLIST_FILE = YES;
				MARKETING_VERSION = 1.0;
				PRODUCT_BUNDLE_IDENTIFIER = jasmine.flickrUITests;
				PRODUCT_NAME = "$(TARGET_NAME)";
				SWIFT_EMIT_LOC_STRINGS = NO;
				SWIFT_VERSION = 5.0;
				TARGETED_DEVICE_FAMILY = "1,2";
				TEST_TARGET_NAME = flickr;
			};
			name = Release;
		};
/* End XCBuildConfiguration section */

/* Begin XCConfigurationList section */
		D51A15E22AA7CC9400C4C7EE /* Build configuration list for PBXProject "flickr" */ = {
			isa = XCConfigurationList;
			buildConfigurations = (
				D51A16092AA7CC9500C4C7EE /* Debug */,
				D51A160A2AA7CC9500C4C7EE /* Release */,
			);
			defaultConfigurationIsVisible = 0;
			defaultConfigurationName = Release;
		};
		D51A160B2AA7CC9500C4C7EE /* Build configuration list for PBXNativeTarget "flickr" */ = {
			isa = XCConfigurationList;
			buildConfigurations = (
				D51A160C2AA7CC9500C4C7EE /* Debug */,
				D51A160D2AA7CC9500C4C7EE /* Release */,
			);
			defaultConfigurationIsVisible = 0;
			defaultConfigurationName = Release;
		};
		D51A160E2AA7CC9500C4C7EE /* Build configuration list for PBXNativeTarget "flickrTests" */ = {
			isa = XCConfigurationList;
			buildConfigurations = (
				D51A160F2AA7CC9500C4C7EE /* Debug */,
				D51A16102AA7CC9500C4C7EE /* Release */,
			);
			defaultConfigurationIsVisible = 0;
			defaultConfigurationName = Release;
		};
		D51A16112AA7CC9500C4C7EE /* Build configuration list for PBXNativeTarget "flickrUITests" */ = {
			isa = XCConfigurationList;
			buildConfigurations = (
				D51A16122AA7CC9500C4C7EE /* Debug */,
				D51A16132AA7CC9500C4C7EE /* Release */,
			);
			defaultConfigurationIsVisible = 0;
			defaultConfigurationName = Release;
		};
/* End XCConfigurationList section */
	};
	rootObject = D51A15DF2AA7CC9400C4C7EE /* Project object */;
}
